// !$*UTF8*$!
{
	archiveVersion = 1;
	classes = {
	};
	objectVersion = 51;
	objects = {

/* Begin PBXBuildFile section */
		13784FE72456C31D00090CC0 /* AppDelegate.swift in Sources */ = {isa = PBXBuildFile; fileRef = 13784FE62456C31D00090CC0 /* AppDelegate.swift */; };
		13784FE92456C31D00090CC0 /* SceneDelegate.swift in Sources */ = {isa = PBXBuildFile; fileRef = 13784FE82456C31D00090CC0 /* SceneDelegate.swift */; };
		13784FEB2456C31D00090CC0 /* MainViewController.swift in Sources */ = {isa = PBXBuildFile; fileRef = 13784FEA2456C31D00090CC0 /* MainViewController.swift */; };
		13784FEE2456C31D00090CC0 /* Main.storyboard in Resources */ = {isa = PBXBuildFile; fileRef = 13784FEC2456C31D00090CC0 /* Main.storyboard */; };
		13784FF02456C32000090CC0 /* Assets.xcassets in Resources */ = {isa = PBXBuildFile; fileRef = 13784FEF2456C32000090CC0 /* Assets.xcassets */; };
		13784FF32456C32000090CC0 /* LaunchScreen.storyboard in Resources */ = {isa = PBXBuildFile; fileRef = 13784FF12456C32000090CC0 /* LaunchScreen.storyboard */; };
		13784FFB2456C79E00090CC0 /* SelectionViewController.swift in Sources */ = {isa = PBXBuildFile; fileRef = 13784FFA2456C79E00090CC0 /* SelectionViewController.swift */; };
		13784FFD2456C8B700090CC0 /* DatabaseService.swift in Sources */ = {isa = PBXBuildFile; fileRef = 13784FFC2456C8B700090CC0 /* DatabaseService.swift */; };
		13C92DD42456CD070038038A /* GoogleService-Info.plist in Resources */ = {isa = PBXBuildFile; fileRef = 13C92DD32456CD070038038A /* GoogleService-Info.plist */; };
		13C92DD62456D14F0038038A /* Guitar.swift in Sources */ = {isa = PBXBuildFile; fileRef = 13C92DD52456D14F0038038A /* Guitar.swift */; };
		614288290FC75D603B209AC3 /* Pods_GuitarUploader.framework in Frameworks */ = {isa = PBXBuildFile; fileRef = 1D323B82E3E3E37981754173 /* Pods_GuitarUploader.framework */; };
/* End PBXBuildFile section */

/* Begin PBXFileReference section */
		13784FE32456C31D00090CC0 /* GuitarUploader.app */ = {isa = PBXFileReference; explicitFileType = wrapper.application; includeInIndex = 0; path = GuitarUploader.app; sourceTree = BUILT_PRODUCTS_DIR; };
		13784FE62456C31D00090CC0 /* AppDelegate.swift */ = {isa = PBXFileReference; lastKnownFileType = sourcecode.swift; path = AppDelegate.swift; sourceTree = "<group>"; };
		13784FE82456C31D00090CC0 /* SceneDelegate.swift */ = {isa = PBXFileReference; lastKnownFileType = sourcecode.swift; path = SceneDelegate.swift; sourceTree = "<group>"; };
		13784FEA2456C31D00090CC0 /* MainViewController.swift */ = {isa = PBXFileReference; lastKnownFileType = sourcecode.swift; path = MainViewController.swift; sourceTree = "<group>"; };
		13784FED2456C31D00090CC0 /* Base */ = {isa = PBXFileReference; lastKnownFileType = file.storyboard; name = Base; path = Base.lproj/Main.storyboard; sourceTree = "<group>"; };
		13784FEF2456C32000090CC0 /* Assets.xcassets */ = {isa = PBXFileReference; lastKnownFileType = folder.assetcatalog; path = Assets.xcassets; sourceTree = "<group>"; };
		13784FF22456C32000090CC0 /* Base */ = {isa = PBXFileReference; lastKnownFileType = file.storyboard; name = Base; path = Base.lproj/LaunchScreen.storyboard; sourceTree = "<group>"; };
		13784FF42456C32000090CC0 /* Info.plist */ = {isa = PBXFileReference; lastKnownFileType = text.plist.xml; path = Info.plist; sourceTree = "<group>"; };
		13784FFA2456C79E00090CC0 /* SelectionViewController.swift */ = {isa = PBXFileReference; lastKnownFileType = sourcecode.swift; path = SelectionViewController.swift; sourceTree = "<group>"; };
		13784FFC2456C8B700090CC0 /* DatabaseService.swift */ = {isa = PBXFileReference; lastKnownFileType = sourcecode.swift; path = DatabaseService.swift; sourceTree = "<group>"; };
		13C92DD32456CD070038038A /* GoogleService-Info.plist */ = {isa = PBXFileReference; fileEncoding = 4; lastKnownFileType = text.plist.xml; path = "GoogleService-Info.plist"; sourceTree = "<group>"; };
		13C92DD52456D14F0038038A /* Guitar.swift */ = {isa = PBXFileReference; lastKnownFileType = sourcecode.swift; path = Guitar.swift; sourceTree = "<group>"; };
		1D323B82E3E3E37981754173 /* Pods_GuitarUploader.framework */ = {isa = PBXFileReference; explicitFileType = wrapper.framework; includeInIndex = 0; path = Pods_GuitarUploader.framework; sourceTree = BUILT_PRODUCTS_DIR; };
		540461BC3DB1B6523B69AB6F /* Pods-GuitarUploader.release.xcconfig */ = {isa = PBXFileReference; includeInIndex = 1; lastKnownFileType = text.xcconfig; name = "Pods-GuitarUploader.release.xcconfig"; path = "Target Support Files/Pods-GuitarUploader/Pods-GuitarUploader.release.xcconfig"; sourceTree = "<group>"; };
		A9EBE611DDAC69762562BE55 /* Pods-GuitarUploader.debug.xcconfig */ = {isa = PBXFileReference; includeInIndex = 1; lastKnownFileType = text.xcconfig; name = "Pods-GuitarUploader.debug.xcconfig"; path = "Target Support Files/Pods-GuitarUploader/Pods-GuitarUploader.debug.xcconfig"; sourceTree = "<group>"; };
/* End PBXFileReference section */

/* Begin PBXFrameworksBuildPhase section */
		13784FE02456C31D00090CC0 /* Frameworks */ = {
			isa = PBXFrameworksBuildPhase;
			buildActionMask = 2147483647;
			files = (
				614288290FC75D603B209AC3 /* Pods_GuitarUploader.framework in Frameworks */,
			);
			runOnlyForDeploymentPostprocessing = 0;
		};
/* End PBXFrameworksBuildPhase section */

/* Begin PBXGroup section */
		13784FDA2456C31D00090CC0 = {
			isa = PBXGroup;
			children = (
				13784FE52456C31D00090CC0 /* GuitarUploader */,
				13784FE42456C31D00090CC0 /* Products */,
				6DB094A9117D1646CA3D8A55 /* Pods */,
				24B21C1AA5909DB865EA87D7 /* Frameworks */,
			);
			sourceTree = "<group>";
		};
		13784FE42456C31D00090CC0 /* Products */ = {
			isa = PBXGroup;
			children = (
				13784FE32456C31D00090CC0 /* GuitarUploader.app */,
			);
			name = Products;
			sourceTree = "<group>";
		};
		13784FE52456C31D00090CC0 /* GuitarUploader */ = {
			isa = PBXGroup;
			children = (
				13784FE62456C31D00090CC0 /* AppDelegate.swift */,
				13784FE82456C31D00090CC0 /* SceneDelegate.swift */,
				13C92DD52456D14F0038038A /* Guitar.swift */,
				13784FEA2456C31D00090CC0 /* MainViewController.swift */,
				13784FFA2456C79E00090CC0 /* SelectionViewController.swift */,
				13784FEC2456C31D00090CC0 /* Main.storyboard */,
				13784FEF2456C32000090CC0 /* Assets.xcassets */,
				13C92DD32456CD070038038A /* GoogleService-Info.plist */,
				13784FF12456C32000090CC0 /* LaunchScreen.storyboard */,
				13784FFC2456C8B700090CC0 /* DatabaseService.swift */,
				13784FF42456C32000090CC0 /* Info.plist */,
			);
			path = GuitarUploader;
			sourceTree = "<group>";
		};
		24B21C1AA5909DB865EA87D7 /* Frameworks */ = {
			isa = PBXGroup;
			children = (
				1D323B82E3E3E37981754173 /* Pods_GuitarUploader.framework */,
			);
			name = Frameworks;
			sourceTree = "<group>";
		};
		6DB094A9117D1646CA3D8A55 /* Pods */ = {
			isa = PBXGroup;
			children = (
				A9EBE611DDAC69762562BE55 /* Pods-GuitarUploader.debug.xcconfig */,
				540461BC3DB1B6523B69AB6F /* Pods-GuitarUploader.release.xcconfig */,
			);
			path = Pods;
			sourceTree = "<group>";
		};
/* End PBXGroup section */

/* Begin PBXNativeTarget section */
		13784FE22456C31D00090CC0 /* GuitarUploader */ = {
			isa = PBXNativeTarget;
			buildConfigurationList = 13784FF72456C32000090CC0 /* Build configuration list for PBXNativeTarget "GuitarUploader" */;
			buildPhases = (
				B5DBE3867ED1F09A14C867DD /* [CP] Check Pods Manifest.lock */,
				13784FDF2456C31D00090CC0 /* Sources */,
				13784FE02456C31D00090CC0 /* Frameworks */,
				13784FE12456C31D00090CC0 /* Resources */,
				CDC1113738D365174CE7E5C3 /* [CP] Embed Pods Frameworks */,
			);
			buildRules = (
			);
			dependencies = (
			);
			name = GuitarUploader;
			productName = GuitarUploader;
			productReference = 13784FE32456C31D00090CC0 /* GuitarUploader.app */;
			productType = "com.apple.product-type.application";
		};
/* End PBXNativeTarget section */

/* Begin PBXProject section */
		13784FDB2456C31D00090CC0 /* Project object */ = {
			isa = PBXProject;
			attributes = {
				LastSwiftUpdateCheck = 1120;
				LastUpgradeCheck = 1120;
				ORGANIZATIONNAME = "Christian Hurtado";
				TargetAttributes = {
					13784FE22456C31D00090CC0 = {
						CreatedOnToolsVersion = 11.2;
					};
				};
			};
			buildConfigurationList = 13784FDE2456C31D00090CC0 /* Build configuration list for PBXProject "GuitarUploader" */;
			compatibilityVersion = "Xcode 9.3";
			developmentRegion = en;
			hasScannedForEncodings = 0;
			knownRegions = (
				en,
				Base,
			);
			mainGroup = 13784FDA2456C31D00090CC0;
			productRefGroup = 13784FE42456C31D00090CC0 /* Products */;
			projectDirPath = "";
			projectRoot = "";
			targets = (
				13784FE22456C31D00090CC0 /* GuitarUploader */,
			);
		};
/* End PBXProject section */

/* Begin PBXResourcesBuildPhase section */
		13784FE12456C31D00090CC0 /* Resources */ = {
			isa = PBXResourcesBuildPhase;
			buildActionMask = 2147483647;
			files = (
				13784FF32456C32000090CC0 /* LaunchScreen.storyboard in Resources */,
				13C92DD42456CD070038038A /* GoogleService-Info.plist in Resources */,
				13784FF02456C32000090CC0 /* Assets.xcassets in Resources */,
				13784FEE2456C31D00090CC0 /* Main.storyboard in Resources */,
			);
			runOnlyForDeploymentPostprocessing = 0;
		};
/* End PBXResourcesBuildPhase section */

/* Begin PBXShellScriptBuildPhase section */
		B5DBE3867ED1F09A14C867DD /* [CP] Check Pods Manifest.lock */ = {
			isa = PBXShellScriptBuildPhase;
			buildActionMask = 2147483647;
			files = (
			);
			inputFileListPaths = (
			);
			inputPaths = (
				"${PODS_PODFILE_DIR_PATH}/Podfile.lock",
				"${PODS_ROOT}/Manifest.lock",
			);
			name = "[CP] Check Pods Manifest.lock";
			outputFileListPaths = (
			);
			outputPaths = (
				"$(DERIVED_FILE_DIR)/Pods-GuitarUploader-checkManifestLockResult.txt",
			);
			runOnlyForDeploymentPostprocessing = 0;
			shellPath = /bin/sh;
			shellScript = "diff \"${PODS_PODFILE_DIR_PATH}/Podfile.lock\" \"${PODS_ROOT}/Manifest.lock\" > /dev/null\nif [ $? != 0 ] ; then\n    # print error to STDERR\n    echo \"error: The sandbox is not in sync with the Podfile.lock. Run 'pod install' or update your CocoaPods installation.\" >&2\n    exit 1\nfi\n# This output is used by Xcode 'outputs' to avoid re-running this script phase.\necho \"SUCCESS\" > \"${SCRIPT_OUTPUT_FILE_0}\"\n";
			showEnvVarsInLog = 0;
		};
		CDC1113738D365174CE7E5C3 /* [CP] Embed Pods Frameworks */ = {
			isa = PBXShellScriptBuildPhase;
			buildActionMask = 2147483647;
			files = (
			);
			inputFileListPaths = (
				"${PODS_ROOT}/Target Support Files/Pods-GuitarUploader/Pods-GuitarUploader-frameworks-${CONFIGURATION}-input-files.xcfilelist",
			);
			name = "[CP] Embed Pods Frameworks";
			outputFileListPaths = (
				"${PODS_ROOT}/Target Support Files/Pods-GuitarUploader/Pods-GuitarUploader-frameworks-${CONFIGURATION}-output-files.xcfilelist",
			);
			runOnlyForDeploymentPostprocessing = 0;
			shellPath = /bin/sh;
			shellScript = "\"${PODS_ROOT}/Target Support Files/Pods-GuitarUploader/Pods-GuitarUploader-frameworks.sh\"\n";
			showEnvVarsInLog = 0;
		};
/* End PBXShellScriptBuildPhase section */

/* Begin PBXSourcesBuildPhase section */
		13784FDF2456C31D00090CC0 /* Sources */ = {
			isa = PBXSourcesBuildPhase;
			buildActionMask = 2147483647;
			files = (
				13784FEB2456C31D00090CC0 /* MainViewController.swift in Sources */,
				13784FFD2456C8B700090CC0 /* DatabaseService.swift in Sources */,
				13784FFB2456C79E00090CC0 /* SelectionViewController.swift in Sources */,
				13C92DD62456D14F0038038A /* Guitar.swift in Sources */,
				13784FE72456C31D00090CC0 /* AppDelegate.swift in Sources */,
				13784FE92456C31D00090CC0 /* SceneDelegate.swift in Sources */,
			);
			runOnlyForDeploymentPostprocessing = 0;
		};
/* End PBXSourcesBuildPhase section */

/* Begin PBXVariantGroup section */
		13784FEC2456C31D00090CC0 /* Main.storyboard */ = {
			isa = PBXVariantGroup;
			children = (
				13784FED2456C31D00090CC0 /* Base */,
			);
			name = Main.storyboard;
			sourceTree = "<group>";
		};
		13784FF12456C32000090CC0 /* LaunchScreen.storyboard */ = {
			isa = PBXVariantGroup;
			children = (
				13784FF22456C32000090CC0 /* Base */,
			);
			name = LaunchScreen.storyboard;
			sourceTree = "<group>";
		};
/* End PBXVariantGroup section */

/* Begin XCBuildConfiguration section */
		13784FF52456C32000090CC0 /* Debug */ = {
			isa = XCBuildConfiguration;
			buildSettings = {
				ALWAYS_SEARCH_USER_PATHS = NO;
				CLANG_ANALYZER_NONNULL = YES;
				CLANG_ANALYZER_NUMBER_OBJECT_CONVERSION = YES_AGGRESSIVE;
				CLANG_CXX_LANGUAGE_STANDARD = "gnu++14";
				CLANG_CXX_LIBRARY = "libc++";
				CLANG_ENABLE_MODULES = YES;
				CLANG_ENABLE_OBJC_ARC = YES;
				CLANG_ENABLE_OBJC_WEAK = YES;
				CLANG_WARN_BLOCK_CAPTURE_AUTORELEASING = YES;
				CLANG_WARN_BOOL_CONVERSION = YES;
				CLANG_WARN_COMMA = YES;
				CLANG_WARN_CONSTANT_CONVERSION = YES;
				CLANG_WARN_DEPRECATED_OBJC_IMPLEMENTATIONS = YES;
				CLANG_WARN_DIRECT_OBJC_ISA_USAGE = YES_ERROR;
				CLANG_WARN_DOCUMENTATION_COMMENTS = YES;
				CLANG_WARN_EMPTY_BODY = YES;
				CLANG_WARN_ENUM_CONVERSION = YES;
				CLANG_WARN_INFINITE_RECURSION = YES;
				CLANG_WARN_INT_CONVERSION = YES;
				CLANG_WARN_NON_LITERAL_NULL_CONVERSION = YES;
				CLANG_WARN_OBJC_IMPLICIT_RETAIN_SELF = YES;
				CLANG_WARN_OBJC_LITERAL_CONVERSION = YES;
				CLANG_WARN_OBJC_ROOT_CLASS = YES_ERROR;
				CLANG_WARN_RANGE_LOOP_ANALYSIS = YES;
				CLANG_WARN_STRICT_PROTOTYPES = YES;
				CLANG_WARN_SUSPICIOUS_MOVE = YES;
				CLANG_WARN_UNGUARDED_AVAILABILITY = YES_AGGRESSIVE;
				CLANG_WARN_UNREACHABLE_CODE = YES;
				CLANG_WARN__DUPLICATE_METHOD_MATCH = YES;
				COPY_PHASE_STRIP = NO;
				DEBUG_INFORMATION_FORMAT = dwarf;
				ENABLE_STRICT_OBJC_MSGSEND = YES;
				ENABLE_TESTABILITY = YES;
				GCC_C_LANGUAGE_STANDARD = gnu11;
				GCC_DYNAMIC_NO_PIC = NO;
				GCC_NO_COMMON_BLOCKS = YES;
				GCC_OPTIMIZATION_LEVEL = 0;
				GCC_PREPROCESSOR_DEFINITIONS = (
					"DEBUG=1",
					"$(inherited)",
				);
				GCC_WARN_64_TO_32_BIT_CONVERSION = YES;
				GCC_WARN_ABOUT_RETURN_TYPE = YES_ERROR;
				GCC_WARN_UNDECLARED_SELECTOR = YES;
				GCC_WARN_UNINITIALIZED_AUTOS = YES_AGGRESSIVE;
				GCC_WARN_UNUSED_FUNCTION = YES;
				GCC_WARN_UNUSED_VARIABLE = YES;
				IPHONEOS_DEPLOYMENT_TARGET = 13.2;
				MTL_ENABLE_DEBUG_INFO = INCLUDE_SOURCE;
				MTL_FAST_MATH = YES;
				ONLY_ACTIVE_ARCH = YES;
				SDKROOT = iphoneos;
				SWIFT_ACTIVE_COMPILATION_CONDITIONS = DEBUG;
				SWIFT_OPTIMIZATION_LEVEL = "-Onone";
			};
			name = Debug;
		};
		13784FF62456C32000090CC0 /* Release */ = {
			isa = XCBuildConfiguration;
			buildSettings = {
				ALWAYS_SEARCH_USER_PATHS = NO;
				CLANG_ANALYZER_NONNULL = YES;
				CLANG_ANALYZER_NUMBER_OBJECT_CONVERSION = YES_AGGRESSIVE;
				CLANG_CXX_LANGUAGE_STANDARD = "gnu++14";
				CLANG_CXX_LIBRARY = "libc++";
				CLANG_ENABLE_MODULES = YES;
				CLANG_ENABLE_OBJC_ARC = YES;
				CLANG_ENABLE_OBJC_WEAK = YES;
				CLANG_WARN_BLOCK_CAPTURE_AUTORELEASING = YES;
				CLANG_WARN_BOOL_CONVERSION = YES;
				CLANG_WARN_COMMA = YES;
				CLANG_WARN_CONSTANT_CONVERSION = YES;
				CLANG_WARN_DEPRECATED_OBJC_IMPLEMENTATIONS = YES;
				CLANG_WARN_DIRECT_OBJC_ISA_USAGE = YES_ERROR;
				CLANG_WARN_DOCUMENTATION_COMMENTS = YES;
				CLANG_WARN_EMPTY_BODY = YES;
				CLANG_WARN_ENUM_CONVERSION = YES;
				CLANG_WARN_INFINITE_RECURSION = YES;
				CLANG_WARN_INT_CONVERSION = YES;
				CLANG_WARN_NON_LITERAL_NULL_CONVERSION = YES;
				CLANG_WARN_OBJC_IMPLICIT_RETAIN_SELF = YES;
				CLANG_WARN_OBJC_LITERAL_CONVERSION = YES;
				CLANG_WARN_OBJC_ROOT_CLASS = YES_ERROR;
				CLANG_WARN_RANGE_LOOP_ANALYSIS = YES;
				CLANG_WARN_STRICT_PROTOTYPES = YES;
				CLANG_WARN_SUSPICIOUS_MOVE = YES;
				CLANG_WARN_UNGUARDED_AVAILABILITY = YES_AGGRESSIVE;
				CLANG_WARN_UNREACHABLE_CODE = YES;
				CLANG_WARN__DUPLICATE_METHOD_MATCH = YES;
				COPY_PHASE_STRIP = NO;
				DEBUG_INFORMATION_FORMAT = "dwarf-with-dsym";
				ENABLE_NS_ASSERTIONS = NO;
				ENABLE_STRICT_OBJC_MSGSEND = YES;
				GCC_C_LANGUAGE_STANDARD = gnu11;
				GCC_NO_COMMON_BLOCKS = YES;
				GCC_WARN_64_TO_32_BIT_CONVERSION = YES;
				GCC_WARN_ABOUT_RETURN_TYPE = YES_ERROR;
				GCC_WARN_UNDECLARED_SELECTOR = YES;
				GCC_WARN_UNINITIALIZED_AUTOS = YES_AGGRESSIVE;
				GCC_WARN_UNUSED_FUNCTION = YES;
				GCC_WARN_UNUSED_VARIABLE = YES;
				IPHONEOS_DEPLOYMENT_TARGET = 13.2;
				MTL_ENABLE_DEBUG_INFO = NO;
				MTL_FAST_MATH = YES;
				SDKROOT = iphoneos;
				SWIFT_COMPILATION_MODE = wholemodule;
				SWIFT_OPTIMIZATION_LEVEL = "-O";
				VALIDATE_PRODUCT = YES;
			};
			name = Release;
		};
		13784FF82456C32000090CC0 /* Debug */ = {
			isa = XCBuildConfiguration;
			baseConfigurationReference = A9EBE611DDAC69762562BE55 /* Pods-GuitarUploader.debug.xcconfig */;
			buildSettings = {
				ASSETCATALOG_COMPILER_APPICON_NAME = AppIcon;
				CODE_SIGN_STYLE = Automatic;
				DEVELOPMENT_TEAM = 5YYJ8TDUCW;
				INFOPLIST_FILE = GuitarUploader/Info.plist;
				LD_RUNPATH_SEARCH_PATHS = (
					"$(inherited)",
					"@executable_path/Frameworks",
				);
				PRODUCT_BUNDLE_IDENTIFIER = com.christianhurtado.GuitarUploader;
				PRODUCT_NAME = "$(TARGET_NAME)";
				SWIFT_VERSION = 5.0;
				TARGETED_DEVICE_FAMILY = "1,2";
			};
			name = Debug;
		};
		13784FF92456C32000090CC0 /* Release */ = {
			isa = XCBuildConfiguration;
			baseConfigurationReference = 540461BC3DB1B6523B69AB6F /* Pods-GuitarUploader.release.xcconfig */;
			buildSettings = {
				ASSETCATALOG_COMPILER_APPICON_NAME = AppIcon;
				CODE_SIGN_STYLE = Automatic;
				DEVELOPMENT_TEAM = 5YYJ8TDUCW;
				INFOPLIST_FILE = GuitarUploader/Info.plist;
				LD_RUNPATH_SEARCH_PATHS = (
					"$(inherited)",
					"@executable_path/Frameworks",
				);
				PRODUCT_BUNDLE_IDENTIFIER = com.christianhurtado.GuitarUploader;
				PRODUCT_NAME = "$(TARGET_NAME)";
				SWIFT_VERSION = 5.0;
				TARGETED_DEVICE_FAMILY = "1,2";
			};
			name = Release;
		};
/* End XCBuildConfiguration section */

/* Begin XCConfigurationList section */
		13784FDE2456C31D00090CC0 /* Build configuration list for PBXProject "GuitarUploader" */ = {
			isa = XCConfigurationList;
			buildConfigurations = (
				13784FF52456C32000090CC0 /* Debug */,
				13784FF62456C32000090CC0 /* Release */,
			);
			defaultConfigurationIsVisible = 0;
			defaultConfigurationName = Release;
		};
		13784FF72456C32000090CC0 /* Build configuration list for PBXNativeTarget "GuitarUploader" */ = {
			isa = XCConfigurationList;
			buildConfigurations = (
				13784FF82456C32000090CC0 /* Debug */,
				13784FF92456C32000090CC0 /* Release */,
			);
			defaultConfigurationIsVisible = 0;
			defaultConfigurationName = Release;
		};
/* End XCConfigurationList section */
	};
	rootObject = 13784FDB2456C31D00090CC0 /* Project object */;
}
